// !$*UTF8*$!
{
	archiveVersion = 1;
	classes = {
	};
	objectVersion = 50;
	objects = {

/* Begin PBXBuildFile section */
		642021DB216F3522007745B9 /* AppDelegate.swift in Sources */ = {isa = PBXBuildFile; fileRef = 642021DA216F3522007745B9 /* AppDelegate.swift */; };
		642021E0216F3522007745B9 /* Main.storyboard in Resources */ = {isa = PBXBuildFile; fileRef = 642021DE216F3522007745B9 /* Main.storyboard */; };
		642021E2216F3531007745B9 /* Assets.xcassets in Resources */ = {isa = PBXBuildFile; fileRef = 642021E1216F3531007745B9 /* Assets.xcassets */; };
		642021E5216F3531007745B9 /* LaunchScreen.storyboard in Resources */ = {isa = PBXBuildFile; fileRef = 642021E3216F3531007745B9 /* LaunchScreen.storyboard */; };
		642021ED216F3652007745B9 /* CollectionViewController.swift in Sources */ = {isa = PBXBuildFile; fileRef = 642021EC216F3652007745B9 /* CollectionViewController.swift */; };
		642021EF216F36EF007745B9 /* DataItem.swift in Sources */ = {isa = PBXBuildFile; fileRef = 642021EE216F36EF007745B9 /* DataItem.swift */; };
		642021F1216F383F007745B9 /* DataItemCell.swift in Sources */ = {isa = PBXBuildFile; fileRef = 642021F0216F383F007745B9 /* DataItemCell.swift */; };
		642021F3216F4FCF007745B9 /* DataItemHeader.swift in Sources */ = {isa = PBXBuildFile; fileRef = 642021F2216F4FCF007745B9 /* DataItemHeader.swift */; };
/* End PBXBuildFile section */

/* Begin PBXFileReference section */
		642021D7216F3522007745B9 /* Test Collection View.app */ = {isa = PBXFileReference; explicitFileType = wrapper.application; includeInIndex = 0; path = "Test Collection View.app"; sourceTree = BUILT_PRODUCTS_DIR; };
		642021DA216F3522007745B9 /* AppDelegate.swift */ = {isa = PBXFileReference; lastKnownFileType = sourcecode.swift; path = AppDelegate.swift; sourceTree = "<group>"; };
		642021DF216F3522007745B9 /* Base */ = {isa = PBXFileReference; lastKnownFileType = file.storyboard; name = Base; path = Base.lproj/Main.storyboard; sourceTree = "<group>"; };
		642021E1216F3531007745B9 /* Assets.xcassets */ = {isa = PBXFileReference; lastKnownFileType = folder.assetcatalog; path = Assets.xcassets; sourceTree = "<group>"; };
		642021E4216F3531007745B9 /* Base */ = {isa = PBXFileReference; lastKnownFileType = file.storyboard; name = Base; path = Base.lproj/LaunchScreen.storyboard; sourceTree = "<group>"; };
		642021E6216F3531007745B9 /* Info.plist */ = {isa = PBXFileReference; lastKnownFileType = text.plist.xml; path = Info.plist; sourceTree = "<group>"; };
		642021EC216F3652007745B9 /* CollectionViewController.swift */ = {isa = PBXFileReference; lastKnownFileType = sourcecode.swift; path = CollectionViewController.swift; sourceTree = "<group>"; };
		642021EE216F36EF007745B9 /* DataItem.swift */ = {isa = PBXFileReference; lastKnownFileType = sourcecode.swift; path = DataItem.swift; sourceTree = "<group>"; };
		642021F0216F383F007745B9 /* DataItemCell.swift */ = {isa = PBXFileReference; lastKnownFileType = sourcecode.swift; path = DataItemCell.swift; sourceTree = "<group>"; };
		642021F2216F4FCF007745B9 /* DataItemHeader.swift */ = {isa = PBXFileReference; lastKnownFileType = sourcecode.swift; path = DataItemHeader.swift; sourceTree = "<group>"; };
/* End PBXFileReference section */

/* Begin PBXFrameworksBuildPhase section */
		642021D4216F3522007745B9 /* Frameworks */ = {
			isa = PBXFrameworksBuildPhase;
			buildActionMask = 2147483647;
			files = (
			);
			runOnlyForDeploymentPostprocessing = 0;
		};
/* End PBXFrameworksBuildPhase section */

/* Begin PBXGroup section */
		642021CE216F3522007745B9 = {
			isa = PBXGroup;
			children = (
				642021D9216F3522007745B9 /* Test Collection View */,
				642021D8216F3522007745B9 /* Products */,
			);
			sourceTree = "<group>";
		};
		642021D8216F3522007745B9 /* Products */ = {
			isa = PBXGroup;
			children = (
				642021D7216F3522007745B9 /* Test Collection View.app */,
			);
			name = Products;
			sourceTree = "<group>";
		};
		642021D9216F3522007745B9 /* Test Collection View */ = {
			isa = PBXGroup;
			children = (
				642021DA216F3522007745B9 /* AppDelegate.swift */,
				642021EC216F3652007745B9 /* CollectionViewController.swift */,
				642021DE216F3522007745B9 /* Main.storyboard */,
				642021E1216F3531007745B9 /* Assets.xcassets */,
				642021E3216F3531007745B9 /* LaunchScreen.storyboard */,
				642021E6216F3531007745B9 /* Info.plist */,
				642021EE216F36EF007745B9 /* DataItem.swift */,
				642021F0216F383F007745B9 /* DataItemCell.swift */,
				642021F2216F4FCF007745B9 /* DataItemHeader.swift */,
			);
			path = "Test Collection View";
			sourceTree = "<group>";
		};
/* End PBXGroup section */

/* Begin PBXNativeTarget section */
		642021D6216F3522007745B9 /* Test Collection View */ = {
			isa = PBXNativeTarget;
			buildConfigurationList = 642021E9216F3531007745B9 /* Build configuration list for PBXNativeTarget "Test Collection View" */;
			buildPhases = (
				642021D3216F3522007745B9 /* Sources */,
				642021D4216F3522007745B9 /* Frameworks */,
				642021D5216F3522007745B9 /* Resources */,
			);
			buildRules = (
			);
			dependencies = (
			);
			name = "Test Collection View";
			productName = "Test Collection View";
			productReference = 642021D7216F3522007745B9 /* Test Collection View.app */;
			productType = "com.apple.product-type.application";
		};
/* End PBXNativeTarget section */

/* Begin PBXProject section */
		642021CF216F3522007745B9 /* Project object */ = {
			isa = PBXProject;
			attributes = {
				LastSwiftUpdateCheck = 1000;
				LastUpgradeCheck = 1000;
				ORGANIZATIONNAME = "Saad Platini";
				TargetAttributes = {
					642021D6216F3522007745B9 = {
						CreatedOnToolsVersion = 10.0;
					};
				};
			};
			buildConfigurationList = 642021D2216F3522007745B9 /* Build configuration list for PBXProject "Test Collection View" */;
			compatibilityVersion = "Xcode 9.3";
			developmentRegion = en;
			hasScannedForEncodings = 0;
			knownRegions = (
				en,
				Base,
			);
			mainGroup = 642021CE216F3522007745B9;
			productRefGroup = 642021D8216F3522007745B9 /* Products */;
			projectDirPath = "";
			projectRoot = "";
			targets = (
				642021D6216F3522007745B9 /* Test Collection View */,
			);
		};
/* End PBXProject section */

/* Begin PBXResourcesBuildPhase section */
		642021D5216F3522007745B9 /* Resources */ = {
			isa = PBXResourcesBuildPhase;
			buildActionMask = 2147483647;
			files = (
				642021E5216F3531007745B9 /* LaunchScreen.storyboard in Resources */,
				642021E2216F3531007745B9 /* Assets.xcassets in Resources */,
				642021E0216F3522007745B9 /* Main.storyboard in Resources */,
			);
			runOnlyForDeploymentPostprocessing = 0;
		};
/* End PBXResourcesBuildPhase section */

/* Begin PBXSourcesBuildPhase section */
		642021D3216F3522007745B9 /* Sources */ = {
			isa = PBXSourcesBuildPhase;
			buildActionMask = 2147483647;
			files = (
				642021ED216F3652007745B9 /* CollectionViewController.swift in Sources */,
				642021EF216F36EF007745B9 /* DataItem.swift in Sources */,
				642021DB216F3522007745B9 /* AppDelegate.swift in Sources */,
				642021F3216F4FCF007745B9 /* DataItemHeader.swift in Sources */,
				642021F1216F383F007745B9 /* DataItemCell.swift in Sources */,
			);
			runOnlyForDeploymentPostprocessing = 0;
		};
/* End PBXSourcesBuildPhase section */

/* Begin PBXVariantGroup section */
		642021DE216F3522007745B9 /* Main.storyboard */ = {
			isa = PBXVariantGroup;
			children = (
				642021DF216F3522007745B9 /* Base */,
			);
			name = Main.storyboard;
			sourceTree = "<group>";
		};
		642021E3216F3531007745B9 /* LaunchScreen.storyboard */ = {
			isa = PBXVariantGroup;
			children = (
				642021E4216F3531007745B9 /* Base */,
			);
			name = LaunchScreen.storyboard;
			sourceTree = "<group>";
		};
/* End PBXVariantGroup section */

/* Begin XCBuildConfiguration section */
		642021E7216F3531007745B9 /* Debug */ = {
			isa = XCBuildConfiguration;
			buildSettings = {
				ALWAYS_SEARCH_USER_PATHS = NO;
				CLANG_ANALYZER_NONNULL = YES;
				CLANG_ANALYZER_NUMBER_OBJECT_CONVERSION = YES_AGGRESSIVE;
				CLANG_CXX_LANGUAGE_STANDARD = "gnu++14";
				CLANG_CXX_LIBRARY = "libc++";
				CLANG_ENABLE_MODULES = YES;
				CLANG_ENABLE_OBJC_ARC = YES;
				CLANG_ENABLE_OBJC_WEAK = YES;
				CLANG_WARN_BLOCK_CAPTURE_AUTORELEASING = YES;
				CLANG_WARN_BOOL_CONVERSION = YES;
				CLANG_WARN_COMMA = YES;
				CLANG_WARN_CONSTANT_CONVERSION = YES;
				CLANG_WARN_DEPRECATED_OBJC_IMPLEMENTATIONS = YES;
				CLANG_WARN_DIRECT_OBJC_ISA_USAGE = YES_ERROR;
				CLANG_WARN_DOCUMENTATION_COMMENTS = YES;
				CLANG_WARN_EMPTY_BODY = YES;
				CLANG_WARN_ENUM_CONVERSION = YES;
				CLANG_WARN_INFINITE_RECURSION = YES;
				CLANG_WARN_INT_CONVERSION = YES;
				CLANG_WARN_NON_LITERAL_NULL_CONVERSION = YES;
				CLANG_WARN_OBJC_IMPLICIT_RETAIN_SELF = YES;
				CLANG_WARN_OBJC_LITERAL_CONVERSION = YES;
				CLANG_WARN_OBJC_ROOT_CLASS = YES_ERROR;
				CLANG_WARN_RANGE_LOOP_ANALYSIS = YES;
				CLANG_WARN_STRICT_PROTOTYPES = YES;
				CLANG_WARN_SUSPICIOUS_MOVE = YES;
				CLANG_WARN_UNGUARDED_AVAILABILITY = YES_AGGRESSIVE;
				CLANG_WARN_UNREACHABLE_CODE = YES;
				CLANG_WARN__DUPLICATE_METHOD_MATCH = YES;
				CODE_SIGN_IDENTITY = "iPhone Developer";
				COPY_PHASE_STRIP = NO;
				DEBUG_INFORMATION_FORMAT = dwarf;
				ENABLE_STRICT_OBJC_MSGSEND = YES;
				ENABLE_TESTABILITY = YES;
				GCC_C_LANGUAGE_STANDARD = gnu11;
				GCC_DYNAMIC_NO_PIC = NO;
				GCC_NO_COMMON_BLOCKS = YES;
				GCC_OPTIMIZATION_LEVEL = 0;
				GCC_PREPROCESSOR_DEFINITIONS = (
					"DEBUG=1",
					"$(inherited)",
				);
				GCC_WARN_64_TO_32_BIT_CONVERSION = YES;
				GCC_WARN_ABOUT_RETURN_TYPE = YES_ERROR;
				GCC_WARN_UNDECLARED_SELECTOR = YES;
				GCC_WARN_UNINITIALIZED_AUTOS = YES_AGGRESSIVE;
				GCC_WARN_UNUSED_FUNCTION = YES;
				GCC_WARN_UNUSED_VARIABLE = YES;
				IPHONEOS_DEPLOYMENT_TARGET = 12.0;
				MTL_ENABLE_DEBUG_INFO = INCLUDE_SOURCE;
				MTL_FAST_MATH = YES;
				ONLY_ACTIVE_ARCH = YES;
				SDKROOT = iphoneos;
				SWIFT_ACTIVE_COMPILATION_CONDITIONS = DEBUG;
				SWIFT_OPTIMIZATION_LEVEL = "-Onone";
			};
			name = Debug;
		};
		642021E8216F3531007745B9 /* Release */ = {
			isa = XCBuildConfiguration;
			buildSettings = {
				ALWAYS_SEARCH_USER_PATHS = NO;
				CLANG_ANALYZER_NONNULL = YES;
				CLANG_ANALYZER_NUMBER_OBJECT_CONVERSION = YES_AGGRESSIVE;
				CLANG_CXX_LANGUAGE_STANDARD = "gnu++14";
				CLANG_CXX_LIBRARY = "libc++";
				CLANG_ENABLE_MODULES = YES;
				CLANG_ENABLE_OBJC_ARC = YES;
				CLANG_ENABLE_OBJC_WEAK = YES;
				CLANG_WARN_BLOCK_CAPTURE_AUTORELEASING = YES;
				CLANG_WARN_BOOL_CONVERSION = YES;
				CLANG_WARN_COMMA = YES;
				CLANG_WARN_CONSTANT_CONVERSION = YES;
				CLANG_WARN_DEPRECATED_OBJC_IMPLEMENTATIONS = YES;
				CLANG_WARN_DIRECT_OBJC_ISA_USAGE = YES_ERROR;
				CLANG_WARN_DOCUMENTATION_COMMENTS = YES;
				CLANG_WARN_EMPTY_BODY = YES;
				CLANG_WARN_ENUM_CONVERSION = YES;
				CLANG_WARN_INFINITE_RECURSION = YES;
				CLANG_WARN_INT_CONVERSION = YES;
				CLANG_WARN_NON_LITERAL_NULL_CONVERSION = YES;
				CLANG_WARN_OBJC_IMPLICIT_RETAIN_SELF = YES;
				CLANG_WARN_OBJC_LITERAL_CONVERSION = YES;
				CLANG_WARN_OBJC_ROOT_CLASS = YES_ERROR;
				CLANG_WARN_RANGE_LOOP_ANALYSIS = YES;
				CLANG_WARN_STRICT_PROTOTYPES = YES;
				CLANG_WARN_SUSPICIOUS_MOVE = YES;
				CLANG_WARN_UNGUARDED_AVAILABILITY = YES_AGGRESSIVE;
				CLANG_WARN_UNREACHABLE_CODE = YES;
				CLANG_WARN__DUPLICATE_METHOD_MATCH = YES;
				CODE_SIGN_IDENTITY = "iPhone Developer";
				COPY_PHASE_STRIP = NO;
				DEBUG_INFORMATION_FORMAT = "dwarf-with-dsym";
				ENABLE_NS_ASSERTIONS = NO;
				ENABLE_STRICT_OBJC_MSGSEND = YES;
				GCC_C_LANGUAGE_STANDARD = gnu11;
				GCC_NO_COMMON_BLOCKS = YES;
				GCC_WARN_64_TO_32_BIT_CONVERSION = YES;
				GCC_WARN_ABOUT_RETURN_TYPE = YES_ERROR;
				GCC_WARN_UNDECLARED_SELECTOR = YES;
				GCC_WARN_UNINITIALIZED_AUTOS = YES_AGGRESSIVE;
				GCC_WARN_UNUSED_FUNCTION = YES;
				GCC_WARN_UNUSED_VARIABLE = YES;
				IPHONEOS_DEPLOYMENT_TARGET = 12.0;
				MTL_ENABLE_DEBUG_INFO = NO;
				MTL_FAST_MATH = YES;
				SDKROOT = iphoneos;
				SWIFT_COMPILATION_MODE = wholemodule;
				SWIFT_OPTIMIZATION_LEVEL = "-O";
				VALIDATE_PRODUCT = YES;
			};
			name = Release;
		};
		642021EA216F3531007745B9 /* Debug */ = {
			isa = XCBuildConfiguration;
			buildSettings = {
				ASSETCATALOG_COMPILER_APPICON_NAME = AppIcon;
				CODE_SIGN_STYLE = Automatic;
				DEVELOPMENT_TEAM = DNSMTLHRF2;
				INFOPLIST_FILE = "Test Collection View/Info.plist";
				LD_RUNPATH_SEARCH_PATHS = (
					"$(inherited)",
					"@executable_path/Frameworks",
				);
				PRODUCT_BUNDLE_IDENTIFIER = SaadPlatini.SecondRepository;
				PRODUCT_NAME = "$(TARGET_NAME)";
				SWIFT_VERSION = 4.2;
				TARGETED_DEVICE_FAMILY = "1,2";
			};
			name = Debug;
		};
		642021EB216F3531007745B9 /* Release */ = {
			isa = XCBuildConfiguration;
			buildSettings = {
				ASSETCATALOG_COMPILER_APPICON_NAME = AppIcon;
				CODE_SIGN_STYLE = Automatic;
				DEVELOPMENT_TEAM = DNSMTLHRF2;
				INFOPLIST_FILE = "Test Collection View/Info.plist";
				LD_RUNPATH_SEARCH_PATHS = (
					"$(inherited)",
					"@executable_path/Frameworks",
				);
				PRODUCT_BUNDLE_IDENTIFIER = SaadPlatini.SecondRepository;
				PRODUCT_NAME = "$(TARGET_NAME)";
				SWIFT_VERSION = 4.2;
				TARGETED_DEVICE_FAMILY = "1,2";
			};
			name = Release;
		};
/* End XCBuildConfiguration section */

/* Begin XCConfigurationList section */
		642021D2216F3522007745B9 /* Build configuration list for PBXProject "Test Collection View" */ = {
			isa = XCConfigurationList;
			buildConfigurations = (
				642021E7216F3531007745B9 /* Debug */,
				642021E8216F3531007745B9 /* Release */,
			);
			defaultConfigurationIsVisible = 0;
			defaultConfigurationName = Release;
		};
		642021E9216F3531007745B9 /* Build configuration list for PBXNativeTarget "Test Collection View" */ = {
			isa = XCConfigurationList;
			buildConfigurations = (
				642021EA216F3531007745B9 /* Debug */,
				642021EB216F3531007745B9 /* Release */,
			);
			defaultConfigurationIsVisible = 0;
			defaultConfigurationName = Release;
		};
/* End XCConfigurationList section */
	};
	rootObject = 642021CF216F3522007745B9 /* Project object */;
}
